
Microsoft Visual Studio Solution File, Format Version 12.00
# Visual Studio Version 16
VisualStudioVersion = 16.0.31829.152
MinimumVisualStudioVersion = 10.0.40219.1
Project("{FAE04EC0-301F-11D3-BF4B-00C04F79EFBC}") = "Phani.Swagger", "Phani.Swagger\Phani.Swagger.csproj", "{354C07C3-5913-43E2-8832-646693E4CD39}"
EndProject
Global
	GlobalSection(SolutionConfigurationPlatforms) = preSolution
		Debug|Any CPU = Debug|Any CPU
		Release|Any CPU = Release|Any CPU
	EndGlobalSection
	GlobalSection(ProjectConfigurationPlatforms) = postSolution
		{354C07C3-5913-43E2-8832-646693E4CD39}.Debug|Any CPU.ActiveCfg = Debug|Any CPU
		{354C07C3-5913-43E2-8832-646693E4CD39}.Debug|Any CPU.Build.0 = Debug|Any CPU
		{354C07C3-5913-43E2-8832-646693E4CD39}.Release|Any CPU.ActiveCfg = Release|Any CPU
		{354C07C3-5913-43E2-8832-646693E4CD39}.Release|Any CPU.Build.0 = Release|Any CPU
	EndGlobalSection
	GlobalSection(SolutionProperties) = preSolution
		HideSolutionNode = FALSE
	EndGlobalSection
	GlobalSection(ExtensibilityGlobals) = postSolution
		SolutionGuid = {00B33D22-DB9A-4889-A95D-00534A970E21}
	EndGlobalSection
EndGlobal
